// !$*UTF8*$!
{
	archiveVersion = 1;
	classes = {
	};
	objectVersion = 50;
	objects = {

/* Begin PBXBuildFile section */
		8B99999725E7DAA4005F79E9 /* JokesSelector.swift in Sources */ = {isa = PBXBuildFile; fileRef = 8B99999625E7DAA4005F79E9 /* JokesSelector.swift */; };
		8B99999A25ED0C1C005F79E9 /* AutoSizeCellTableViewCell.swift in Sources */ = {isa = PBXBuildFile; fileRef = 8B99999925ED0C1C005F79E9 /* AutoSizeCellTableViewCell.swift */; };
		8B9999A125ED21CD005F79E9 /* PunchLineView.swift in Sources */ = {isa = PBXBuildFile; fileRef = 8B9999A025ED21CD005F79E9 /* PunchLineView.swift */; };
		8BD7BBCC25E4333800C347F3 /* AppDelegate.swift in Sources */ = {isa = PBXBuildFile; fileRef = 8BD7BBCB25E4333800C347F3 /* AppDelegate.swift */; };
		8BD7BBCE25E4333800C347F3 /* SceneDelegate.swift in Sources */ = {isa = PBXBuildFile; fileRef = 8BD7BBCD25E4333800C347F3 /* SceneDelegate.swift */; };
		8BD7BBD025E4333800C347F3 /* ViewController.swift in Sources */ = {isa = PBXBuildFile; fileRef = 8BD7BBCF25E4333800C347F3 /* ViewController.swift */; };
		8BD7BBD525E4333A00C347F3 /* Assets.xcassets in Resources */ = {isa = PBXBuildFile; fileRef = 8BD7BBD425E4333A00C347F3 /* Assets.xcassets */; };
		8BD7BBD825E4333A00C347F3 /* LaunchScreen.storyboard in Resources */ = {isa = PBXBuildFile; fileRef = 8BD7BBD625E4333A00C347F3 /* LaunchScreen.storyboard */; };
		8BD7BBE425E50F0F00C347F3 /* Model.swift in Sources */ = {isa = PBXBuildFile; fileRef = 8BD7BBE325E50F0F00C347F3 /* Model.swift */; };
		8BD7BBEC25E683F200C347F3 /* CategoryView.swift in Sources */ = {isa = PBXBuildFile; fileRef = 8BD7BBEB25E683F200C347F3 /* CategoryView.swift */; };
		8BD7BBF225E6D8EA00C347F3 /* Main.storyboard in Resources */ = {isa = PBXBuildFile; fileRef = 8BD7BBF125E6D8EA00C347F3 /* Main.storyboard */; };
/* End PBXBuildFile section */

/* Begin PBXFileReference section */
		8B99999625E7DAA4005F79E9 /* JokesSelector.swift */ = {isa = PBXFileReference; lastKnownFileType = sourcecode.swift; path = JokesSelector.swift; sourceTree = "<group>"; };
		8B99999925ED0C1C005F79E9 /* AutoSizeCellTableViewCell.swift */ = {isa = PBXFileReference; lastKnownFileType = sourcecode.swift; path = AutoSizeCellTableViewCell.swift; sourceTree = "<group>"; };
		8B9999A025ED21CD005F79E9 /* PunchLineView.swift */ = {isa = PBXFileReference; lastKnownFileType = sourcecode.swift; path = PunchLineView.swift; sourceTree = "<group>"; };
		8BD7BBC825E4333800C347F3 /* Joke Book.app */ = {isa = PBXFileReference; explicitFileType = wrapper.application; includeInIndex = 0; path = "Joke Book.app"; sourceTree = BUILT_PRODUCTS_DIR; };
		8BD7BBCB25E4333800C347F3 /* AppDelegate.swift */ = {isa = PBXFileReference; lastKnownFileType = sourcecode.swift; path = AppDelegate.swift; sourceTree = "<group>"; };
		8BD7BBCD25E4333800C347F3 /* SceneDelegate.swift */ = {isa = PBXFileReference; lastKnownFileType = sourcecode.swift; path = SceneDelegate.swift; sourceTree = "<group>"; };
		8BD7BBCF25E4333800C347F3 /* ViewController.swift */ = {isa = PBXFileReference; lastKnownFileType = sourcecode.swift; path = ViewController.swift; sourceTree = "<group>"; };
		8BD7BBD425E4333A00C347F3 /* Assets.xcassets */ = {isa = PBXFileReference; lastKnownFileType = folder.assetcatalog; path = Assets.xcassets; sourceTree = "<group>"; };
		8BD7BBD725E4333A00C347F3 /* Base */ = {isa = PBXFileReference; lastKnownFileType = file.storyboard; name = Base; path = Base.lproj/LaunchScreen.storyboard; sourceTree = "<group>"; };
		8BD7BBD925E4333A00C347F3 /* Info.plist */ = {isa = PBXFileReference; lastKnownFileType = text.plist.xml; path = Info.plist; sourceTree = "<group>"; };
		8BD7BBE325E50F0F00C347F3 /* Model.swift */ = {isa = PBXFileReference; lastKnownFileType = sourcecode.swift; path = Model.swift; sourceTree = "<group>"; };
		8BD7BBEB25E683F200C347F3 /* CategoryView.swift */ = {isa = PBXFileReference; lastKnownFileType = sourcecode.swift; path = CategoryView.swift; sourceTree = "<group>"; };
		8BD7BBF125E6D8EA00C347F3 /* Main.storyboard */ = {isa = PBXFileReference; fileEncoding = 4; lastKnownFileType = file.storyboard; path = Main.storyboard; sourceTree = "<group>"; };
/* End PBXFileReference section */

/* Begin PBXFrameworksBuildPhase section */
		8BD7BBC525E4333800C347F3 /* Frameworks */ = {
			isa = PBXFrameworksBuildPhase;
			buildActionMask = 2147483647;
			files = (
			);
			runOnlyForDeploymentPostprocessing = 0;
		};
/* End PBXFrameworksBuildPhase section */

/* Begin PBXGroup section */
		8BD7BBBF25E4333800C347F3 = {
			isa = PBXGroup;
			children = (
				8BD7BBCA25E4333800C347F3 /* Joke Book */,
				8BD7BBC925E4333800C347F3 /* Products */,
			);
			sourceTree = "<group>";
		};
		8BD7BBC925E4333800C347F3 /* Products */ = {
			isa = PBXGroup;
			children = (
				8BD7BBC825E4333800C347F3 /* Joke Book.app */,
			);
			name = Products;
			sourceTree = "<group>";
		};
		8BD7BBCA25E4333800C347F3 /* Joke Book */ = {
			isa = PBXGroup;
			children = (
				8BD7BBEE25E6840300C347F3 /* Views */,
				8BD7BBE325E50F0F00C347F3 /* Model.swift */,
				8BD7BBCB25E4333800C347F3 /* AppDelegate.swift */,
				8BD7BBCD25E4333800C347F3 /* SceneDelegate.swift */,
				8BD7BBF125E6D8EA00C347F3 /* Main.storyboard */,
				8BD7BBD425E4333A00C347F3 /* Assets.xcassets */,
				8BD7BBD625E4333A00C347F3 /* LaunchScreen.storyboard */,
				8BD7BBD925E4333A00C347F3 /* Info.plist */,
			);
			path = "Joke Book";
			sourceTree = "<group>";
		};
		8BD7BBEE25E6840300C347F3 /* Views */ = {
			isa = PBXGroup;
			children = (
				8BD7BBEB25E683F200C347F3 /* CategoryView.swift */,
				8BD7BBCF25E4333800C347F3 /* ViewController.swift */,
				8B99999625E7DAA4005F79E9 /* JokesSelector.swift */,
				8B99999925ED0C1C005F79E9 /* AutoSizeCellTableViewCell.swift */,
				8B9999A025ED21CD005F79E9 /* PunchLineView.swift */,
			);
			path = Views;
			sourceTree = "<group>";
		};
/* End PBXGroup section */

/* Begin PBXNativeTarget section */
		8BD7BBC725E4333800C347F3 /* Joke Book */ = {
			isa = PBXNativeTarget;
			buildConfigurationList = 8BD7BBDC25E4333A00C347F3 /* Build configuration list for PBXNativeTarget "Joke Book" */;
			buildPhases = (
				8BD7BBC425E4333800C347F3 /* Sources */,
				8BD7BBC525E4333800C347F3 /* Frameworks */,
				8BD7BBC625E4333800C347F3 /* Resources */,
			);
			buildRules = (
			);
			dependencies = (
			);
			name = "Joke Book";
			productName = "Joke Book";
			productReference = 8BD7BBC825E4333800C347F3 /* Joke Book.app */;
			productType = "com.apple.product-type.application";
		};
/* End PBXNativeTarget section */

/* Begin PBXProject section */
		8BD7BBC025E4333800C347F3 /* Project object */ = {
			isa = PBXProject;
			attributes = {
				LastSwiftUpdateCheck = 1240;
				LastUpgradeCheck = 1240;
				TargetAttributes = {
					8BD7BBC725E4333800C347F3 = {
						CreatedOnToolsVersion = 12.4;
					};
				};
			};
			buildConfigurationList = 8BD7BBC325E4333800C347F3 /* Build configuration list for PBXProject "Joke Book" */;
			compatibilityVersion = "Xcode 9.3";
			developmentRegion = en;
			hasScannedForEncodings = 0;
			knownRegions = (
				en,
				Base,
			);
			mainGroup = 8BD7BBBF25E4333800C347F3;
			productRefGroup = 8BD7BBC925E4333800C347F3 /* Products */;
			projectDirPath = "";
			projectRoot = "";
			targets = (
				8BD7BBC725E4333800C347F3 /* Joke Book */,
			);
		};
/* End PBXProject section */

/* Begin PBXResourcesBuildPhase section */
		8BD7BBC625E4333800C347F3 /* Resources */ = {
			isa = PBXResourcesBuildPhase;
			buildActionMask = 2147483647;
			files = (
				8BD7BBF225E6D8EA00C347F3 /* Main.storyboard in Resources */,
				8BD7BBD825E4333A00C347F3 /* LaunchScreen.storyboard in Resources */,
				8BD7BBD525E4333A00C347F3 /* Assets.xcassets in Resources */,
			);
			runOnlyForDeploymentPostprocessing = 0;
		};
/* End PBXResourcesBuildPhase section */

/* Begin PBXSourcesBuildPhase section */
		8BD7BBC425E4333800C347F3 /* Sources */ = {
			isa = PBXSourcesBuildPhase;
			buildActionMask = 2147483647;
			files = (
				8BD7BBE425E50F0F00C347F3 /* Model.swift in Sources */,
				8BD7BBD025E4333800C347F3 /* ViewController.swift in Sources */,
				8BD7BBCC25E4333800C347F3 /* AppDelegate.swift in Sources */,
				8B99999725E7DAA4005F79E9 /* JokesSelector.swift in Sources */,
				8B99999A25ED0C1C005F79E9 /* AutoSizeCellTableViewCell.swift in Sources */,
				8BD7BBCE25E4333800C347F3 /* SceneDelegate.swift in Sources */,
				8BD7BBEC25E683F200C347F3 /* CategoryView.swift in Sources */,
				8B9999A125ED21CD005F79E9 /* PunchLineView.swift in Sources */,
			);
			runOnlyForDeploymentPostprocessing = 0;
		};
/* End PBXSourcesBuildPhase section */

/* Begin PBXVariantGroup section */
		8BD7BBD625E4333A00C347F3 /* LaunchScreen.storyboard */ = {
			isa = PBXVariantGroup;
			children = (
				8BD7BBD725E4333A00C347F3 /* Base */,
			);
			name = LaunchScreen.storyboard;
			sourceTree = "<group>";
		};
/* End PBXVariantGroup section */

/* Begin XCBuildConfiguration section */
		8BD7BBDA25E4333A00C347F3 /* Debug */ = {
			isa = XCBuildConfiguration;
			buildSettings = {
				ALWAYS_SEARCH_USER_PATHS = NO;
				CLANG_ANALYZER_NONNULL = YES;
				CLANG_ANALYZER_NUMBER_OBJECT_CONVERSION = YES_AGGRESSIVE;
				CLANG_CXX_LANGUAGE_STANDARD = "gnu++14";
				CLANG_CXX_LIBRARY = "libc++";
				CLANG_ENABLE_MODULES = YES;
				CLANG_ENABLE_OBJC_ARC = YES;
				CLANG_ENABLE_OBJC_WEAK = YES;
				CLANG_WARN_BLOCK_CAPTURE_AUTORELEASING = YES;
				CLANG_WARN_BOOL_CONVERSION = YES;
				CLANG_WARN_COMMA = YES;
				CLANG_WARN_CONSTANT_CONVERSION = YES;
				CLANG_WARN_DEPRECATED_OBJC_IMPLEMENTATIONS = YES;
				CLANG_WARN_DIRECT_OBJC_ISA_USAGE = YES_ERROR;
				CLANG_WARN_DOCUMENTATION_COMMENTS = YES;
				CLANG_WARN_EMPTY_BODY = YES;
				CLANG_WARN_ENUM_CONVERSION = YES;
				CLANG_WARN_INFINITE_RECURSION = YES;
				CLANG_WARN_INT_CONVERSION = YES;
				CLANG_WARN_NON_LITERAL_NULL_CONVERSION = YES;
				CLANG_WARN_OBJC_IMPLICIT_RETAIN_SELF = YES;
				CLANG_WARN_OBJC_LITERAL_CONVERSION = YES;
				CLANG_WARN_OBJC_ROOT_CLASS = YES_ERROR;
				CLANG_WARN_QUOTED_INCLUDE_IN_FRAMEWORK_HEADER = YES;
				CLANG_WARN_RANGE_LOOP_ANALYSIS = YES;
				CLANG_WARN_STRICT_PROTOTYPES = YES;
				CLANG_WARN_SUSPICIOUS_MOVE = YES;
				CLANG_WARN_UNGUARDED_AVAILABILITY = YES_AGGRESSIVE;
				CLANG_WARN_UNREACHABLE_CODE = YES;
				CLANG_WARN__DUPLICATE_METHOD_MATCH = YES;
				COPY_PHASE_STRIP = NO;
				DEBUG_INFORMATION_FORMAT = dwarf;
				ENABLE_STRICT_OBJC_MSGSEND = YES;
				ENABLE_TESTABILITY = YES;
				GCC_C_LANGUAGE_STANDARD = gnu11;
				GCC_DYNAMIC_NO_PIC = NO;
				GCC_NO_COMMON_BLOCKS = YES;
				GCC_OPTIMIZATION_LEVEL = 0;
				GCC_PREPROCESSOR_DEFINITIONS = (
					"DEBUG=1",
					"$(inherited)",
				);
				GCC_WARN_64_TO_32_BIT_CONVERSION = YES;
				GCC_WARN_ABOUT_RETURN_TYPE = YES_ERROR;
				GCC_WARN_UNDECLARED_SELECTOR = YES;
				GCC_WARN_UNINITIALIZED_AUTOS = YES_AGGRESSIVE;
				GCC_WARN_UNUSED_FUNCTION = YES;
				GCC_WARN_UNUSED_VARIABLE = YES;
				IPHONEOS_DEPLOYMENT_TARGET = 14.4;
				MTL_ENABLE_DEBUG_INFO = INCLUDE_SOURCE;
				MTL_FAST_MATH = YES;
				ONLY_ACTIVE_ARCH = YES;
				SDKROOT = iphoneos;
				SWIFT_ACTIVE_COMPILATION_CONDITIONS = DEBUG;
				SWIFT_OPTIMIZATION_LEVEL = "-Onone";
			};
			name = Debug;
		};
		8BD7BBDB25E4333A00C347F3 /* Release */ = {
			isa = XCBuildConfiguration;
			buildSettings = {
				ALWAYS_SEARCH_USER_PATHS = NO;
				CLANG_ANALYZER_NONNULL = YES;
				CLANG_ANALYZER_NUMBER_OBJECT_CONVERSION = YES_AGGRESSIVE;
				CLANG_CXX_LANGUAGE_STANDARD = "gnu++14";
				CLANG_CXX_LIBRARY = "libc++";
				CLANG_ENABLE_MODULES = YES;
				CLANG_ENABLE_OBJC_ARC = YES;
				CLANG_ENABLE_OBJC_WEAK = YES;
				CLANG_WARN_BLOCK_CAPTURE_AUTORELEASING = YES;
				CLANG_WARN_BOOL_CONVERSION = YES;
				CLANG_WARN_COMMA = YES;
				CLANG_WARN_CONSTANT_CONVERSION = YES;
				CLANG_WARN_DEPRECATED_OBJC_IMPLEMENTATIONS = YES;
				CLANG_WARN_DIRECT_OBJC_ISA_USAGE = YES_ERROR;
				CLANG_WARN_DOCUMENTATION_COMMENTS = YES;
				CLANG_WARN_EMPTY_BODY = YES;
				CLANG_WARN_ENUM_CONVERSION = YES;
				CLANG_WARN_INFINITE_RECURSION = YES;
				CLANG_WARN_INT_CONVERSION = YES;
				CLANG_WARN_NON_LITERAL_NULL_CONVERSION = YES;
				CLANG_WARN_OBJC_IMPLICIT_RETAIN_SELF = YES;
				CLANG_WARN_OBJC_LITERAL_CONVERSION = YES;
				CLANG_WARN_OBJC_ROOT_CLASS = YES_ERROR;
				CLANG_WARN_QUOTED_INCLUDE_IN_FRAMEWORK_HEADER = YES;
				CLANG_WARN_RANGE_LOOP_ANALYSIS = YES;
				CLANG_WARN_STRICT_PROTOTYPES = YES;
				CLANG_WARN_SUSPICIOUS_MOVE = YES;
				CLANG_WARN_UNGUARDED_AVAILABILITY = YES_AGGRESSIVE;
				CLANG_WARN_UNREACHABLE_CODE = YES;
				CLANG_WARN__DUPLICATE_METHOD_MATCH = YES;
				COPY_PHASE_STRIP = NO;
				DEBUG_INFORMATION_FORMAT = "dwarf-with-dsym";
				ENABLE_NS_ASSERTIONS = NO;
				ENABLE_STRICT_OBJC_MSGSEND = YES;
				GCC_C_LANGUAGE_STANDARD = gnu11;
				GCC_NO_COMMON_BLOCKS = YES;
				GCC_WARN_64_TO_32_BIT_CONVERSION = YES;
				GCC_WARN_ABOUT_RETURN_TYPE = YES_ERROR;
				GCC_WARN_UNDECLARED_SELECTOR = YES;
				GCC_WARN_UNINITIALIZED_AUTOS = YES_AGGRESSIVE;
				GCC_WARN_UNUSED_FUNCTION = YES;
				GCC_WARN_UNUSED_VARIABLE = YES;
				IPHONEOS_DEPLOYMENT_TARGET = 14.4;
				MTL_ENABLE_DEBUG_INFO = NO;
				MTL_FAST_MATH = YES;
				SDKROOT = iphoneos;
				SWIFT_COMPILATION_MODE = wholemodule;
				SWIFT_OPTIMIZATION_LEVEL = "-O";
				VALIDATE_PRODUCT = YES;
			};
			name = Release;
		};
		8BD7BBDD25E4333A00C347F3 /* Debug */ = {
			isa = XCBuildConfiguration;
			buildSettings = {
				ASSETCATALOG_COMPILER_APPICON_NAME = AppIcon;
				ASSETCATALOG_COMPILER_GLOBAL_ACCENT_COLOR_NAME = AccentColor;
				CODE_SIGN_STYLE = Automatic;
				DEVELOPMENT_TEAM = H8DN4CT9HL;
				INFOPLIST_FILE = "Joke Book/Info.plist";
				LD_RUNPATH_SEARCH_PATHS = (
					"$(inherited)",
					"@executable_path/Frameworks",
				);
				PRODUCT_BUNDLE_IDENTIFIER = "zukydeveloper.Joke-Book";
				PRODUCT_NAME = "$(TARGET_NAME)";
				SWIFT_VERSION = 5.0;
				TARGETED_DEVICE_FAMILY = "1,2";
			};
			name = Debug;
		};
		8BD7BBDE25E4333A00C347F3 /* Release */ = {
			isa = XCBuildConfiguration;
			buildSettings = {
				ASSETCATALOG_COMPILER_APPICON_NAME = AppIcon;
				ASSETCATALOG_COMPILER_GLOBAL_ACCENT_COLOR_NAME = AccentColor;
				CODE_SIGN_STYLE = Automatic;
				DEVELOPMENT_TEAM = H8DN4CT9HL;
				INFOPLIST_FILE = "Joke Book/Info.plist";
				LD_RUNPATH_SEARCH_PATHS = (
					"$(inherited)",
					"@executable_path/Frameworks",
				);
				PRODUCT_BUNDLE_IDENTIFIER = "zukydeveloper.Joke-Book";
				PRODUCT_NAME = "$(TARGET_NAME)";
				SWIFT_VERSION = 5.0;
				TARGETED_DEVICE_FAMILY = "1,2";
			};
			name = Release;
		};
/* End XCBuildConfiguration section */

/* Begin XCConfigurationList section */
		8BD7BBC325E4333800C347F3 /* Build configuration list for PBXProject "Joke Book" */ = {
			isa = XCConfigurationList;
			buildConfigurations = (
				8BD7BBDA25E4333A00C347F3 /* Debug */,
				8BD7BBDB25E4333A00C347F3 /* Release */,
			);
			defaultConfigurationIsVisible = 0;
			defaultConfigurationName = Release;
		};
		8BD7BBDC25E4333A00C347F3 /* Build configuration list for PBXNativeTarget "Joke Book" */ = {
			isa = XCConfigurationList;
			buildConfigurations = (
				8BD7BBDD25E4333A00C347F3 /* Debug */,
				8BD7BBDE25E4333A00C347F3 /* Release */,
			);
			defaultConfigurationIsVisible = 0;
			defaultConfigurationName = Release;
		};
/* End XCConfigurationList section */
	};
	rootObject = 8BD7BBC025E4333800C347F3 /* Project object */;
}
